
Microsoft Visual Studio Solution File, Format Version 12.00
# Visual Studio Version 16
VisualStudioVersion = 16.0.29215.179
MinimumVisualStudioVersion = 10.0.40219.1
Project("{FAE04EC0-301F-11D3-BF4B-00C04F79EFBC}") = "XamForms.Shell.Bdd.Android", "XamForms.Shell.Bdd.Android\XamForms.Shell.Bdd.Android.csproj", "{53185AD9-43E3-498C-B8BD-0DB0A799EF21}"
EndProject
Project("{FAE04EC0-301F-11D3-BF4B-00C04F79EFBC}") = "XamForms.Shell.Bdd.iOS", "XamForms.Shell.Bdd.iOS\XamForms.Shell.Bdd.iOS.csproj", "{1B1E43A3-68D7-4574-9391-E12A103F0E93}"
EndProject
Project("{9A19103F-16F7-4668-BE54-9A1E7A4F7556}") = "XamForms.Shell.Bdd", "XamForms.Shell.Bdd\XamForms.Shell.Bdd.csproj", "{9E386E2F-0382-422B-91A0-97C7D4D749A2}"
EndProject
Project("{9A19103F-16F7-4668-BE54-9A1E7A4F7556}") = "XamForms.Shell.Bdd.Test", "XamForms.Shell.Bdd.Test\XamForms.Shell.Bdd.Test.csproj", "{F2971774-A19F-44FA-873E-54F2623F5C32}"
EndProject
Project("{FAE04EC0-301F-11D3-BF4B-00C04F79EFBC}") = "XamForms.Shell.Bdd.Bootstrapper", "XamForms.Shell.Bdd.Bootstrapper\XamForms.Shell.Bdd.Bootstrapper.csproj", "{F58BB240-75E3-4488-B589-E9F684D6C724}"
EndProject
Global
	GlobalSection(SolutionConfigurationPlatforms) = preSolution
		Debug|Any CPU = Debug|Any CPU
		Debug|iPhone = Debug|iPhone
		Debug|iPhoneSimulator = Debug|iPhoneSimulator
		Release|Any CPU = Release|Any CPU
		Release|iPhone = Release|iPhone
		Release|iPhoneSimulator = Release|iPhoneSimulator
	EndGlobalSection
	GlobalSection(ProjectConfigurationPlatforms) = postSolution
		{53185AD9-43E3-498C-B8BD-0DB0A799EF21}.Debug|Any CPU.ActiveCfg = Debug|Any CPU
		{53185AD9-43E3-498C-B8BD-0DB0A799EF21}.Debug|Any CPU.Build.0 = Debug|Any CPU
		{53185AD9-43E3-498C-B8BD-0DB0A799EF21}.Debug|Any CPU.Deploy.0 = Debug|Any CPU
		{53185AD9-43E3-498C-B8BD-0DB0A799EF21}.Debug|iPhone.ActiveCfg = Debug|Any CPU
		{53185AD9-43E3-498C-B8BD-0DB0A799EF21}.Debug|iPhoneSimulator.ActiveCfg = Debug|Any CPU
		{53185AD9-43E3-498C-B8BD-0DB0A799EF21}.Release|Any CPU.ActiveCfg = Release|Any CPU
		{53185AD9-43E3-498C-B8BD-0DB0A799EF21}.Release|Any CPU.Build.0 = Release|Any CPU
		{53185AD9-43E3-498C-B8BD-0DB0A799EF21}.Release|Any CPU.Deploy.0 = Release|Any CPU
		{53185AD9-43E3-498C-B8BD-0DB0A799EF21}.Release|iPhone.ActiveCfg = Release|Any CPU
		{53185AD9-43E3-498C-B8BD-0DB0A799EF21}.Release|iPhoneSimulator.ActiveCfg = Release|Any CPU
		{1B1E43A3-68D7-4574-9391-E12A103F0E93}.Debug|Any CPU.ActiveCfg = Debug|iPhoneSimulator
		{1B1E43A3-68D7-4574-9391-E12A103F0E93}.Debug|Any CPU.Deploy.0 = Debug|iPhoneSimulator
		{1B1E43A3-68D7-4574-9391-E12A103F0E93}.Debug|iPhone.ActiveCfg = Debug|iPhone
		{1B1E43A3-68D7-4574-9391-E12A103F0E93}.Debug|iPhone.Build.0 = Debug|iPhone
		{1B1E43A3-68D7-4574-9391-E12A103F0E93}.Debug|iPhone.Deploy.0 = Debug|iPhone
		{1B1E43A3-68D7-4574-9391-E12A103F0E93}.Debug|iPhoneSimulator.ActiveCfg = Debug|iPhoneSimulator
		{1B1E43A3-68D7-4574-9391-E12A103F0E93}.Debug|iPhoneSimulator.Build.0 = Debug|iPhoneSimulator
		{1B1E43A3-68D7-4574-9391-E12A103F0E93}.Debug|iPhoneSimulator.Deploy.0 = Debug|iPhoneSimulator
		{1B1E43A3-68D7-4574-9391-E12A103F0E93}.Release|Any CPU.ActiveCfg = Release|iPhone
		{1B1E43A3-68D7-4574-9391-E12A103F0E93}.Release|Any CPU.Deploy.0 = Release|iPhone
		{1B1E43A3-68D7-4574-9391-E12A103F0E93}.Release|iPhone.ActiveCfg = Release|iPhone
		{1B1E43A3-68D7-4574-9391-E12A103F0E93}.Release|iPhone.Build.0 = Release|iPhone
		{1B1E43A3-68D7-4574-9391-E12A103F0E93}.Release|iPhone.Deploy.0 = Release|iPhone
		{1B1E43A3-68D7-4574-9391-E12A103F0E93}.Release|iPhoneSimulator.ActiveCfg = Release|iPhoneSimulator
		{1B1E43A3-68D7-4574-9391-E12A103F0E93}.Release|iPhoneSimulator.Build.0 = Release|iPhoneSimulator
		{1B1E43A3-68D7-4574-9391-E12A103F0E93}.Release|iPhoneSimulator.Deploy.0 = Release|iPhoneSimulator
		{9E386E2F-0382-422B-91A0-97C7D4D749A2}.Debug|Any CPU.ActiveCfg = Debug|Any CPU
		{9E386E2F-0382-422B-91A0-97C7D4D749A2}.Debug|Any CPU.Build.0 = Debug|Any CPU
		{9E386E2F-0382-422B-91A0-97C7D4D749A2}.Debug|Any CPU.Deploy.0 = Debug|Any CPU
		{9E386E2F-0382-422B-91A0-97C7D4D749A2}.Debug|iPhone.ActiveCfg = Debug|Any CPU
		{9E386E2F-0382-422B-91A0-97C7D4D749A2}.Debug|iPhone.Build.0 = Debug|Any CPU
		{9E386E2F-0382-422B-91A0-97C7D4D749A2}.Debug|iPhone.Deploy.0 = Debug|Any CPU
		{9E386E2F-0382-422B-91A0-97C7D4D749A2}.Debug|iPhoneSimulator.ActiveCfg = Debug|Any CPU
		{9E386E2F-0382-422B-91A0-97C7D4D749A2}.Debug|iPhoneSimulator.Build.0 = Debug|Any CPU
		{9E386E2F-0382-422B-91A0-97C7D4D749A2}.Debug|iPhoneSimulator.Deploy.0 = Debug|Any CPU
		{9E386E2F-0382-422B-91A0-97C7D4D749A2}.Release|Any CPU.ActiveCfg = Release|Any CPU
		{9E386E2F-0382-422B-91A0-97C7D4D749A2}.Release|Any CPU.Build.0 = Release|Any CPU
		{9E386E2F-0382-422B-91A0-97C7D4D749A2}.Release|Any CPU.Deploy.0 = Release|Any CPU
		{9E386E2F-0382-422B-91A0-97C7D4D749A2}.Release|iPhone.ActiveCfg = Release|Any CPU
		{9E386E2F-0382-422B-91A0-97C7D4D749A2}.Release|iPhone.Build.0 = Release|Any CPU
		{9E386E2F-0382-422B-91A0-97C7D4D749A2}.Release|iPhone.Deploy.0 = Release|Any CPU
		{9E386E2F-0382-422B-91A0-97C7D4D749A2}.Release|iPhoneSimulator.ActiveCfg = Release|Any CPU
		{9E386E2F-0382-422B-91A0-97C7D4D749A2}.Release|iPhoneSimulator.Build.0 = Release|Any CPU
		{9E386E2F-0382-422B-91A0-97C7D4D749A2}.Release|iPhoneSimulator.Deploy.0 = Release|Any CPU
		{F2971774-A19F-44FA-873E-54F2623F5C32}.Debug|Any CPU.ActiveCfg = Debug|Any CPU
		{F2971774-A19F-44FA-873E-54F2623F5C32}.Debug|Any CPU.Build.0 = Debug|Any CPU
		{F2971774-A19F-44FA-873E-54F2623F5C32}.Debug|iPhone.ActiveCfg = Debug|Any CPU
		{F2971774-A19F-44FA-873E-54F2623F5C32}.Debug|iPhone.Build.0 = Debug|Any CPU
		{F2971774-A19F-44FA-873E-54F2623F5C32}.Debug|iPhoneSimulator.ActiveCfg = Debug|Any CPU
		{F2971774-A19F-44FA-873E-54F2623F5C32}.Debug|iPhoneSimulator.Build.0 = Debug|Any CPU
		{F2971774-A19F-44FA-873E-54F2623F5C32}.Release|Any CPU.ActiveCfg = Release|Any CPU
		{F2971774-A19F-44FA-873E-54F2623F5C32}.Release|Any CPU.Build.0 = Release|Any CPU
		{F2971774-A19F-44FA-873E-54F2623F5C32}.Release|iPhone.ActiveCfg = Release|Any CPU
		{F2971774-A19F-44FA-873E-54F2623F5C32}.Release|iPhone.Build.0 = Release|Any CPU
		{F2971774-A19F-44FA-873E-54F2623F5C32}.Release|iPhoneSimulator.ActiveCfg = Release|Any CPU
		{F2971774-A19F-44FA-873E-54F2623F5C32}.Release|iPhoneSimulator.Build.0 = Release|Any CPU
		{F58BB240-75E3-4488-B589-E9F684D6C724}.Debug|Any CPU.ActiveCfg = Debug|Any CPU
		{F58BB240-75E3-4488-B589-E9F684D6C724}.Debug|Any CPU.Build.0 = Debug|Any CPU
		{F58BB240-75E3-4488-B589-E9F684D6C724}.Debug|iPhone.ActiveCfg = Debug|Any CPU
		{F58BB240-75E3-4488-B589-E9F684D6C724}.Debug|iPhone.Build.0 = Debug|Any CPU
		{F58BB240-75E3-4488-B589-E9F684D6C724}.Debug|iPhoneSimulator.ActiveCfg = Debug|Any CPU
		{F58BB240-75E3-4488-B589-E9F684D6C724}.Debug|iPhoneSimulator.Build.0 = Debug|Any CPU
		{F58BB240-75E3-4488-B589-E9F684D6C724}.Release|Any CPU.ActiveCfg = Release|Any CPU
		{F58BB240-75E3-4488-B589-E9F684D6C724}.Release|Any CPU.Build.0 = Release|Any CPU
		{F58BB240-75E3-4488-B589-E9F684D6C724}.Release|iPhone.ActiveCfg = Release|Any CPU
		{F58BB240-75E3-4488-B589-E9F684D6C724}.Release|iPhone.Build.0 = Release|Any CPU
		{F58BB240-75E3-4488-B589-E9F684D6C724}.Release|iPhoneSimulator.ActiveCfg = Release|Any CPU
		{F58BB240-75E3-4488-B589-E9F684D6C724}.Release|iPhoneSimulator.Build.0 = Release|Any CPU
	EndGlobalSection
	GlobalSection(SolutionProperties) = preSolution
		HideSolutionNode = FALSE
	EndGlobalSection
	GlobalSection(ExtensibilityGlobals) = postSolution
		SolutionGuid = {BD27EB98-7EF1-47A7-ABAD-331195C39EDE}
	EndGlobalSection
EndGlobal
